{
  "pins" : [
    {
      "identity" : "kingfisher",
      "kind" : "remoteSourceControl",
      "location" : "https://github.com/onevcat/Kingfisher.git",
      "state" : {
        "revision" : "1a7b5480eb750a8e171654b9b1cb0a2cbeb27a55",
        "version" : "7.2.1"
      }
    },
    {
      "identity" : "swinject",
      "kind" : "remoteSourceControl",
      "location" : "https://github.com/Swinject/Swinject.git",
      "state" : {
        "branch" : "master",
        "revision" : "45e9e99b05e356f2d68d170d695387a8eabf8694"
      }
    },
    {
      "identity" : "swinjectautoregistration",
      "kind" : "remoteSourceControl",
      "location" : "https://github.com/Swinject/SwinjectAutoregistration.git",
      "state" : {
        "branch" : "master",
        "revision" : "41de6785fb640cafbb38b8b9e9047c80eebfaaa7"
      }
    }
  ],
  "version" : 2
}
